{
  "requires": true,
  "lockfileVersion": 1,
  "dependencies": {
    "object-assign": {
      "version": "4.1.1",
      "resolved": "https://registry.npmjs.org/object-assign/-/object-assign-4.1.1.tgz",
      "integrity": "sha1-IQmtx5ZYh8/AXLvUQsrIv7s2CGM="
    },
    "octicons": {
      "version": "8.1.0",
      "resolved": "https://registry.npmjs.org/octicons/-/octicons-8.1.0.tgz",
      "integrity": "sha512-2KyCPKrXCLfCiSUQo9EK2tJiesfv4L2kWc+SeuVWs19jNdtcz1WDPJsgjTtOw4R4wfJjtDDdmI88T4qNNIgNPA==",
      "requires": {
        "object-assign": "^4.1.1"
      }
    }
  }
}
